
Microsoft Visual Studio Solution File, Format Version 12.00
Project("{FAE04EC0-301F-11D3-BF4B-00C04F79EFBC}") = "FileSystemWatcherIssueReproduce", "FileSystemWatcherIssueReproduce\FileSystemWatcherIssueReproduce.csproj", "{B6E3791F-EBD7-4241-B4C9-9EB4E0FFA0DD}"
EndProject
Global
	GlobalSection(SolutionConfigurationPlatforms) = preSolution
		Debug|Any CPU = Debug|Any CPU
		Release|Any CPU = Release|Any CPU
	EndGlobalSection
	GlobalSection(ProjectConfigurationPlatforms) = postSolution
		{B6E3791F-EBD7-4241-B4C9-9EB4E0FFA0DD}.Debug|Any CPU.ActiveCfg = Debug|Any CPU
		{B6E3791F-EBD7-4241-B4C9-9EB4E0FFA0DD}.Debug|Any CPU.Build.0 = Debug|Any CPU
		{B6E3791F-EBD7-4241-B4C9-9EB4E0FFA0DD}.Release|Any CPU.ActiveCfg = Release|Any CPU
		{B6E3791F-EBD7-4241-B4C9-9EB4E0FFA0DD}.Release|Any CPU.Build.0 = Release|Any CPU
	EndGlobalSection
EndGlobal
